
Microsoft Visual Studio Solution File, Format Version 12.00
# Visual Studio Version 17
VisualStudioVersion = 17.13.35919.96 d17.13
MinimumVisualStudioVersion = 10.0.40219.1
Project("{FAE04EC0-301F-11D3-BF4B-00C04F79EFBC}") = "Server", "Server\Server.csproj", "{EDD4BF48-067B-417B-BC0F-35839FB3BC88}"
EndProject
Project("{FAE04EC0-301F-11D3-BF4B-00C04F79EFBC}") = "Client", "Client\Client.csproj", "{6346F0A3-12EF-4DA1-8DCD-860D0770DBC6}"
EndProject
Global
	GlobalSection(SolutionConfigurationPlatforms) = preSolution
		Debug|Any CPU = Debug|Any CPU
		Release|Any CPU = Release|Any CPU
	EndGlobalSection
	GlobalSection(ProjectConfigurationPlatforms) = postSolution
		{EDD4BF48-067B-417B-BC0F-35839FB3BC88}.Debug|Any CPU.ActiveCfg = Debug|Any CPU
		{EDD4BF48-067B-417B-BC0F-35839FB3BC88}.Debug|Any CPU.Build.0 = Debug|Any CPU
		{EDD4BF48-067B-417B-BC0F-35839FB3BC88}.Release|Any CPU.ActiveCfg = Release|Any CPU
		{EDD4BF48-067B-417B-BC0F-35839FB3BC88}.Release|Any CPU.Build.0 = Release|Any CPU
		{6346F0A3-12EF-4DA1-8DCD-860D0770DBC6}.Debug|Any CPU.ActiveCfg = Debug|Any CPU
		{6346F0A3-12EF-4DA1-8DCD-860D0770DBC6}.Debug|Any CPU.Build.0 = Debug|Any CPU
		{6346F0A3-12EF-4DA1-8DCD-860D0770DBC6}.Release|Any CPU.ActiveCfg = Release|Any CPU
		{6346F0A3-12EF-4DA1-8DCD-860D0770DBC6}.Release|Any CPU.Build.0 = Release|Any CPU
	EndGlobalSection
	GlobalSection(SolutionProperties) = preSolution
		HideSolutionNode = FALSE
	EndGlobalSection
	GlobalSection(ExtensibilityGlobals) = postSolution
		SolutionGuid = {87585D37-F02D-49FE-9F15-1EEE52E7B258}
	EndGlobalSection
EndGlobal
