
Microsoft Visual Studio Solution File, Format Version 12.00
# Visual Studio Version 17
VisualStudioVersion = 17.13.35919.96 d17.13
MinimumVisualStudioVersion = 10.0.40219.1
Project("{FAE04EC0-301F-11D3-BF4B-00C04F79EFBC}") = "Lab6", "Lab6.csproj", "{72A4CF76-1641-49B0-9432-FDB8D0E82CD0}"
EndProject
Global
	GlobalSection(SolutionConfigurationPlatforms) = preSolution
		Debug|Any CPU = Debug|Any CPU
		Release|Any CPU = Release|Any CPU
	EndGlobalSection
	GlobalSection(ProjectConfigurationPlatforms) = postSolution
		{72A4CF76-1641-49B0-9432-FDB8D0E82CD0}.Debug|Any CPU.ActiveCfg = Debug|Any CPU
		{72A4CF76-1641-49B0-9432-FDB8D0E82CD0}.Debug|Any CPU.Build.0 = Debug|Any CPU
		{72A4CF76-1641-49B0-9432-FDB8D0E82CD0}.Release|Any CPU.ActiveCfg = Release|Any CPU
		{72A4CF76-1641-49B0-9432-FDB8D0E82CD0}.Release|Any CPU.Build.0 = Release|Any CPU
	EndGlobalSection
	GlobalSection(SolutionProperties) = preSolution
		HideSolutionNode = FALSE
	EndGlobalSection
	GlobalSection(ExtensibilityGlobals) = postSolution
		SolutionGuid = {026B74DC-5860-4880-B051-B35FCCCEFFEE}
	EndGlobalSection
EndGlobal
